// !$*UTF8*$!
{
	archiveVersion = 1;
	classes = {
	};
	objectVersion = 56;
	objects = {

/* Begin PBXBuildFile section */
		E7D03FA62884BA8600D8A600 /* Base.lproj in Resources */ = {isa = PBXBuildFile; fileRef = E7D03F9B2884BA8600D8A600 /* Base.lproj */; };
		E7D03FA72884BA8600D8A600 /* Info.plist in Resources */ = {isa = PBXBuildFile; fileRef = E7D03F9C2884BA8600D8A600 /* Info.plist */; };
		E7D03FA82884BA8600D8A600 /* main.swift in Sources */ = {isa = PBXBuildFile; fileRef = E7D03F9D2884BA8600D8A600 /* main.swift */; };
		E7D03FA92884BA8600D8A600 /* Assets.xcassets in Resources */ = {isa = PBXBuildFile; fileRef = E7D03F9E2884BA8600D8A600 /* Assets.xcassets */; };
		E7D03FAA2884BA8600D8A600 /* AppDelegate.swift in Sources */ = {isa = PBXBuildFile; fileRef = E7D03FA02884BA8600D8A600 /* AppDelegate.swift */; };
		E7D03FAB2884BA8600D8A600 /* StatusItemController.swift in Sources */ = {isa = PBXBuildFile; fileRef = E7D03FA12884BA8600D8A600 /* StatusItemController.swift */; };
		E7D03FAC2884BA8600D8A600 /* PrefViewController.swift in Sources */ = {isa = PBXBuildFile; fileRef = E7D03FA22884BA8600D8A600 /* PrefViewController.swift */; };
		E7D03FAD2884BA8600D8A600 /* LoginViewController.swift in Sources */ = {isa = PBXBuildFile; fileRef = E7D03FA32884BA8600D8A600 /* LoginViewController.swift */; };
		E7D03FAE2884BA8600D8A600 /* Menu.swift in Sources */ = {isa = PBXBuildFile; fileRef = E7D03FA42884BA8600D8A600 /* Menu.swift */; };
		E7D03FAF2884BA8600D8A600 /* UserDefaults+Orangered.swift in Sources */ = {isa = PBXBuildFile; fileRef = E7D03FA52884BA8600D8A600 /* UserDefaults+Orangered.swift */; };
/* End PBXBuildFile section */

/* Begin PBXFileReference section */
		E7D03F882884B94800D8A600 /* Orangered.app */ = {isa = PBXFileReference; explicitFileType = wrapper.application; includeInIndex = 0; path = Orangered.app; sourceTree = BUILT_PRODUCTS_DIR; };
		E7D03F9B2884BA8600D8A600 /* Base.lproj */ = {isa = PBXFileReference; lastKnownFileType = folder; name = Base.lproj; path = Orangered/Base.lproj; sourceTree = "<group>"; };
		E7D03F9C2884BA8600D8A600 /* Info.plist */ = {isa = PBXFileReference; fileEncoding = 4; lastKnownFileType = text.plist.xml; name = Info.plist; path = Orangered/Info.plist; sourceTree = "<group>"; };
		E7D03F9D2884BA8600D8A600 /* main.swift */ = {isa = PBXFileReference; fileEncoding = 4; lastKnownFileType = sourcecode.swift; name = main.swift; path = Orangered/main.swift; sourceTree = "<group>"; };
		E7D03F9E2884BA8600D8A600 /* Assets.xcassets */ = {isa = PBXFileReference; lastKnownFileType = folder.assetcatalog; name = Assets.xcassets; path = Orangered/Assets.xcassets; sourceTree = "<group>"; };
		E7D03F9F2884BA8600D8A600 /* Orangered.entitlements */ = {isa = PBXFileReference; fileEncoding = 4; lastKnownFileType = text.plist.entitlements; name = Orangered.entitlements; path = Orangered/Orangered.entitlements; sourceTree = "<group>"; };
		E7D03FA02884BA8600D8A600 /* AppDelegate.swift */ = {isa = PBXFileReference; fileEncoding = 4; lastKnownFileType = sourcecode.swift; name = AppDelegate.swift; path = Orangered/AppDelegate.swift; sourceTree = "<group>"; };
		E7D03FA12884BA8600D8A600 /* StatusItemController.swift */ = {isa = PBXFileReference; fileEncoding = 4; lastKnownFileType = sourcecode.swift; name = StatusItemController.swift; path = Orangered/StatusItemController.swift; sourceTree = "<group>"; };
		E7D03FA22884BA8600D8A600 /* PrefViewController.swift */ = {isa = PBXFileReference; fileEncoding = 4; lastKnownFileType = sourcecode.swift; name = PrefViewController.swift; path = Orangered/PrefViewController.swift; sourceTree = "<group>"; };
		E7D03FA32884BA8600D8A600 /* LoginViewController.swift */ = {isa = PBXFileReference; fileEncoding = 4; lastKnownFileType = sourcecode.swift; name = LoginViewController.swift; path = Orangered/LoginViewController.swift; sourceTree = "<group>"; };
		E7D03FA42884BA8600D8A600 /* Menu.swift */ = {isa = PBXFileReference; fileEncoding = 4; lastKnownFileType = sourcecode.swift; name = Menu.swift; path = Orangered/Menu.swift; sourceTree = "<group>"; };
		E7D03FA52884BA8600D8A600 /* UserDefaults+Orangered.swift */ = {isa = PBXFileReference; fileEncoding = 4; lastKnownFileType = sourcecode.swift; name = "UserDefaults+Orangered.swift"; path = "Orangered/UserDefaults+Orangered.swift"; sourceTree = "<group>"; };
/* End PBXFileReference section */

/* Begin PBXFrameworksBuildPhase section */
		E7D03F852884B94800D8A600 /* Frameworks */ = {
			isa = PBXFrameworksBuildPhase;
			buildActionMask = 2147483647;
			files = (
			);
			runOnlyForDeploymentPostprocessing = 0;
		};
/* End PBXFrameworksBuildPhase section */

/* Begin PBXGroup section */
		E7D03F7F2884B94800D8A600 = {
			isa = PBXGroup;
			children = (
				E7D03FA02884BA8600D8A600 /* AppDelegate.swift */,
				E7D03F9E2884BA8600D8A600 /* Assets.xcassets */,
				E7D03F9B2884BA8600D8A600 /* Base.lproj */,
				E7D03F9C2884BA8600D8A600 /* Info.plist */,
				E7D03FA32884BA8600D8A600 /* LoginViewController.swift */,
				E7D03F9D2884BA8600D8A600 /* main.swift */,
				E7D03FA42884BA8600D8A600 /* Menu.swift */,
				E7D03F9F2884BA8600D8A600 /* Orangered.entitlements */,
				E7D03FA22884BA8600D8A600 /* PrefViewController.swift */,
				E7D03FA12884BA8600D8A600 /* StatusItemController.swift */,
				E7D03FA52884BA8600D8A600 /* UserDefaults+Orangered.swift */,
				E7D03F892884B94800D8A600 /* Products */,
			);
			sourceTree = "<group>";
		};
		E7D03F892884B94800D8A600 /* Products */ = {
			isa = PBXGroup;
			children = (
				E7D03F882884B94800D8A600 /* Orangered.app */,
			);
			name = Products;
			sourceTree = "<group>";
		};
/* End PBXGroup section */

/* Begin PBXNativeTarget section */
		E7D03F872884B94800D8A600 /* Orangered */ = {
			isa = PBXNativeTarget;
			buildConfigurationList = E7D03F952884B94900D8A600 /* Build configuration list for PBXNativeTarget "Orangered" */;
			buildPhases = (
				E7D03F842884B94800D8A600 /* Sources */,
				E7D03F852884B94800D8A600 /* Frameworks */,
				E7D03F862884B94800D8A600 /* Resources */,
			);
			buildRules = (
			);
			dependencies = (
			);
			name = Orangered;
			productName = Orangered;
			productReference = E7D03F882884B94800D8A600 /* Orangered.app */;
			productType = "com.apple.product-type.application";
		};
/* End PBXNativeTarget section */

/* Begin PBXProject section */
		E7D03F802884B94800D8A600 /* Project object */ = {
			isa = PBXProject;
			attributes = {
				BuildIndependentTargetsInParallel = 1;
				LastSwiftUpdateCheck = 1400;
				LastUpgradeCheck = 1400;
				TargetAttributes = {
					E7D03F872884B94800D8A600 = {
						CreatedOnToolsVersion = 14.0;
						LastSwiftMigration = 1400;
					};
				};
			};
			buildConfigurationList = E7D03F832884B94800D8A600 /* Build configuration list for PBXProject "Orangered" */;
			compatibilityVersion = "Xcode 14.0";
			developmentRegion = en;
			hasScannedForEncodings = 0;
			knownRegions = (
				en,
				Base,
			);
			mainGroup = E7D03F7F2884B94800D8A600;
			productRefGroup = E7D03F892884B94800D8A600 /* Products */;
			projectDirPath = "";
			projectRoot = "";
			targets = (
				E7D03F872884B94800D8A600 /* Orangered */,
			);
		};
/* End PBXProject section */

/* Begin PBXResourcesBuildPhase section */
		E7D03F862884B94800D8A600 /* Resources */ = {
			isa = PBXResourcesBuildPhase;
			buildActionMask = 2147483647;
			files = (
				E7D03FA72884BA8600D8A600 /* Info.plist in Resources */,
				E7D03FA92884BA8600D8A600 /* Assets.xcassets in Resources */,
				E7D03FA62884BA8600D8A600 /* Base.lproj in Resources */,
			);
			runOnlyForDeploymentPostprocessing = 0;
		};
/* End PBXResourcesBuildPhase section */

/* Begin PBXSourcesBuildPhase section */
		E7D03F842884B94800D8A600 /* Sources */ = {
			isa = PBXSourcesBuildPhase;
			buildActionMask = 2147483647;
			files = (
				E7D03FAE2884BA8600D8A600 /* Menu.swift in Sources */,
				E7D03FAA2884BA8600D8A600 /* AppDelegate.swift in Sources */,
				E7D03FAF2884BA8600D8A600 /* UserDefaults+Orangered.swift in Sources */,
				E7D03FA82884BA8600D8A600 /* main.swift in Sources */,
				E7D03FAB2884BA8600D8A600 /* StatusItemController.swift in Sources */,
				E7D03FAD2884BA8600D8A600 /* LoginViewController.swift in Sources */,
				E7D03FAC2884BA8600D8A600 /* PrefViewController.swift in Sources */,
			);
			runOnlyForDeploymentPostprocessing = 0;
		};
/* End PBXSourcesBuildPhase section */

/* Begin XCBuildConfiguration section */
		E7D03F932884B94900D8A600 /* Debug */ = {
			isa = XCBuildConfiguration;
			buildSettings = {
				ALWAYS_SEARCH_USER_PATHS = NO;
				CLANG_ANALYZER_NONNULL = YES;
				CLANG_ANALYZER_NUMBER_OBJECT_CONVERSION = YES_AGGRESSIVE;
				CLANG_CXX_LANGUAGE_STANDARD = "gnu++17";
				CLANG_ENABLE_MODULES = YES;
				CLANG_ENABLE_OBJC_ARC = YES;
				CLANG_ENABLE_OBJC_WEAK = YES;
				CLANG_WARN_BLOCK_CAPTURE_AUTORELEASING = YES;
				CLANG_WARN_BOOL_CONVERSION = YES;
				CLANG_WARN_COMMA = YES;
				CLANG_WARN_CONSTANT_CONVERSION = YES;
				CLANG_WARN_DEPRECATED_OBJC_IMPLEMENTATIONS = YES;
				CLANG_WARN_DIRECT_OBJC_ISA_USAGE = YES_ERROR;
				CLANG_WARN_DOCUMENTATION_COMMENTS = YES;
				CLANG_WARN_EMPTY_BODY = YES;
				CLANG_WARN_ENUM_CONVERSION = YES;
				CLANG_WARN_INFINITE_RECURSION = YES;
				CLANG_WARN_INT_CONVERSION = YES;
				CLANG_WARN_NON_LITERAL_NULL_CONVERSION = YES;
				CLANG_WARN_OBJC_IMPLICIT_RETAIN_SELF = YES;
				CLANG_WARN_OBJC_LITERAL_CONVERSION = YES;
				CLANG_WARN_OBJC_ROOT_CLASS = YES_ERROR;
				CLANG_WARN_QUOTED_INCLUDE_IN_FRAMEWORK_HEADER = YES;
				CLANG_WARN_RANGE_LOOP_ANALYSIS = YES;
				CLANG_WARN_STRICT_PROTOTYPES = YES;
				CLANG_WARN_SUSPICIOUS_MOVE = YES;
				CLANG_WARN_UNGUARDED_AVAILABILITY = YES_AGGRESSIVE;
				CLANG_WARN_UNREACHABLE_CODE = YES;
				CLANG_WARN__DUPLICATE_METHOD_MATCH = YES;
				COPY_PHASE_STRIP = NO;
				DEBUG_INFORMATION_FORMAT = dwarf;
				ENABLE_STRICT_OBJC_MSGSEND = YES;
				ENABLE_TESTABILITY = YES;
				GCC_C_LANGUAGE_STANDARD = gnu11;
				GCC_DYNAMIC_NO_PIC = NO;
				GCC_NO_COMMON_BLOCKS = YES;
				GCC_OPTIMIZATION_LEVEL = 0;
				GCC_PREPROCESSOR_DEFINITIONS = (
					"DEBUG=1",
					"$(inherited)",
				);
				GCC_WARN_64_TO_32_BIT_CONVERSION = YES;
				GCC_WARN_ABOUT_RETURN_TYPE = YES_ERROR;
				GCC_WARN_UNDECLARED_SELECTOR = YES;
				GCC_WARN_UNINITIALIZED_AUTOS = YES_AGGRESSIVE;
				GCC_WARN_UNUSED_FUNCTION = YES;
				GCC_WARN_UNUSED_VARIABLE = YES;
				MACOSX_DEPLOYMENT_TARGET = 12.4;
				MTL_ENABLE_DEBUG_INFO = INCLUDE_SOURCE;
				MTL_FAST_MATH = YES;
				ONLY_ACTIVE_ARCH = YES;
				SDKROOT = macosx;
				SWIFT_ACTIVE_COMPILATION_CONDITIONS = DEBUG;
				SWIFT_OPTIMIZATION_LEVEL = "-Onone";
			};
			name = Debug;
		};
		E7D03F942884B94900D8A600 /* Release */ = {
			isa = XCBuildConfiguration;
			buildSettings = {
				ALWAYS_SEARCH_USER_PATHS = NO;
				CLANG_ANALYZER_NONNULL = YES;
				CLANG_ANALYZER_NUMBER_OBJECT_CONVERSION = YES_AGGRESSIVE;
				CLANG_CXX_LANGUAGE_STANDARD = "gnu++17";
				CLANG_ENABLE_MODULES = YES;
				CLANG_ENABLE_OBJC_ARC = YES;
				CLANG_ENABLE_OBJC_WEAK = YES;
				CLANG_WARN_BLOCK_CAPTURE_AUTORELEASING = YES;
				CLANG_WARN_BOOL_CONVERSION = YES;
				CLANG_WARN_COMMA = YES;
				CLANG_WARN_CONSTANT_CONVERSION = YES;
				CLANG_WARN_DEPRECATED_OBJC_IMPLEMENTATIONS = YES;
				CLANG_WARN_DIRECT_OBJC_ISA_USAGE = YES_ERROR;
				CLANG_WARN_DOCUMENTATION_COMMENTS = YES;
				CLANG_WARN_EMPTY_BODY = YES;
				CLANG_WARN_ENUM_CONVERSION = YES;
				CLANG_WARN_INFINITE_RECURSION = YES;
				CLANG_WARN_INT_CONVERSION = YES;
				CLANG_WARN_NON_LITERAL_NULL_CONVERSION = YES;
				CLANG_WARN_OBJC_IMPLICIT_RETAIN_SELF = YES;
				CLANG_WARN_OBJC_LITERAL_CONVERSION = YES;
				CLANG_WARN_OBJC_ROOT_CLASS = YES_ERROR;
				CLANG_WARN_QUOTED_INCLUDE_IN_FRAMEWORK_HEADER = YES;
				CLANG_WARN_RANGE_LOOP_ANALYSIS = YES;
				CLANG_WARN_STRICT_PROTOTYPES = YES;
				CLANG_WARN_SUSPICIOUS_MOVE = YES;
				CLANG_WARN_UNGUARDED_AVAILABILITY = YES_AGGRESSIVE;
				CLANG_WARN_UNREACHABLE_CODE = YES;
				CLANG_WARN__DUPLICATE_METHOD_MATCH = YES;
				COPY_PHASE_STRIP = NO;
				DEBUG_INFORMATION_FORMAT = "dwarf-with-dsym";
				ENABLE_NS_ASSERTIONS = NO;
				ENABLE_STRICT_OBJC_MSGSEND = YES;
				GCC_C_LANGUAGE_STANDARD = gnu11;
				GCC_NO_COMMON_BLOCKS = YES;
				GCC_WARN_64_TO_32_BIT_CONVERSION = YES;
				GCC_WARN_ABOUT_RETURN_TYPE = YES_ERROR;
				GCC_WARN_UNDECLARED_SELECTOR = YES;
				GCC_WARN_UNINITIALIZED_AUTOS = YES_AGGRESSIVE;
				GCC_WARN_UNUSED_FUNCTION = YES;
				GCC_WARN_UNUSED_VARIABLE = YES;
				MACOSX_DEPLOYMENT_TARGET = 12.4;
				MTL_ENABLE_DEBUG_INFO = NO;
				MTL_FAST_MATH = YES;
				SDKROOT = macosx;
				SWIFT_COMPILATION_MODE = wholemodule;
				SWIFT_OPTIMIZATION_LEVEL = "-O";
			};
			name = Release;
		};
		E7D03F962884B94900D8A600 /* Debug */ = {
			isa = XCBuildConfiguration;
			buildSettings = {
				ASSETCATALOG_COMPILER_APPICON_NAME = AppIcon;
				ASSETCATALOG_COMPILER_GLOBAL_ACCENT_COLOR_NAME = AccentColor;
				CLANG_ENABLE_MODULES = YES;
				CODE_SIGN_ENTITLEMENTS = Orangered/Orangered.entitlements;
				CODE_SIGN_STYLE = Automatic;
				COMBINE_HIDPI_IMAGES = YES;
				CURRENT_PROJECT_VERSION = 1;
				DEVELOPMENT_TEAM = SR7K2S8GE4;
				ENABLE_HARDENED_RUNTIME = YES;
				GENERATE_INFOPLIST_FILE = YES;
				INFOPLIST_KEY_CFBundleDisplayName = Orangered;
				INFOPLIST_KEY_NSHumanReadableCopyright = "";
				INFOPLIST_KEY_NSMainNibFile = MainMenu;
				INFOPLIST_KEY_NSPrincipalClass = NSApplication;
				LD_RUNPATH_SEARCH_PATHS = (
					"$(inherited)",
					"@executable_path/../Frameworks",
				);
				MARKETING_VERSION = 3.0;
				PRODUCT_BUNDLE_IDENTIFIER = com.rockwood.Orangered;
				PRODUCT_NAME = "$(TARGET_NAME)";
				SWIFT_EMIT_LOC_STRINGS = YES;
				SWIFT_OPTIMIZATION_LEVEL = "-Onone";
				SWIFT_VERSION = 5.0;
			};
			name = Debug;
		};
		E7D03F972884B94900D8A600 /* Release */ = {
			isa = XCBuildConfiguration;
			buildSettings = {
				ASSETCATALOG_COMPILER_APPICON_NAME = AppIcon;
				ASSETCATALOG_COMPILER_GLOBAL_ACCENT_COLOR_NAME = AccentColor;
				CLANG_ENABLE_MODULES = YES;
				CODE_SIGN_ENTITLEMENTS = Orangered/Orangered.entitlements;
				CODE_SIGN_STYLE = Automatic;
				COMBINE_HIDPI_IMAGES = YES;
				CURRENT_PROJECT_VERSION = 1;
				DEVELOPMENT_TEAM = SR7K2S8GE4;
				ENABLE_HARDENED_RUNTIME = YES;
				GENERATE_INFOPLIST_FILE = YES;
				INFOPLIST_KEY_CFBundleDisplayName = Orangered;
				INFOPLIST_KEY_NSHumanReadableCopyright = "";
				INFOPLIST_KEY_NSMainNibFile = MainMenu;
				INFOPLIST_KEY_NSPrincipalClass = NSApplication;
				LD_RUNPATH_SEARCH_PATHS = (
					"$(inherited)",
					"@executable_path/../Frameworks",
				);
				MARKETING_VERSION = 3.0;
				PRODUCT_BUNDLE_IDENTIFIER = com.rockwood.Orangered;
				PRODUCT_NAME = "$(TARGET_NAME)";
				SWIFT_EMIT_LOC_STRINGS = YES;
				SWIFT_VERSION = 5.0;
			};
			name = Release;
		};
/* End XCBuildConfiguration section */

/* Begin XCConfigurationList section */
		E7D03F832884B94800D8A600 /* Build configuration list for PBXProject "Orangered" */ = {
			isa = XCConfigurationList;
			buildConfigurations = (
				E7D03F932884B94900D8A600 /* Debug */,
				E7D03F942884B94900D8A600 /* Release */,
			);
			defaultConfigurationIsVisible = 0;
			defaultConfigurationName = Release;
		};
		E7D03F952884B94900D8A600 /* Build configuration list for PBXNativeTarget "Orangered" */ = {
			isa = XCConfigurationList;
			buildConfigurations = (
				E7D03F962884B94900D8A600 /* Debug */,
				E7D03F972884B94900D8A600 /* Release */,
			);
			defaultConfigurationIsVisible = 0;
			defaultConfigurationName = Release;
		};
/* End XCConfigurationList section */
	};
	rootObject = E7D03F802884B94800D8A600 /* Project object */;
}
