// !$*UTF8*$!
{
	archiveVersion = 1;
	classes = {
	};
	objectVersion = 46;
	objects = {

/* Begin PBXBuildFile section */
		E757731C1D0F9E5500BA4B85 /* LoginViewController.swift in Sources */ = {isa = PBXBuildFile; fileRef = E757731B1D0F9E5500BA4B85 /* LoginViewController.swift */; };
		E7591DBB1CFB60450074F56B /* AppDelegate.swift in Sources */ = {isa = PBXBuildFile; fileRef = E7591DBA1CFB60450074F56B /* AppDelegate.swift */; };
		E7591DBD1CFB60450074F56B /* Assets.xcassets in Resources */ = {isa = PBXBuildFile; fileRef = E7591DBC1CFB60450074F56B /* Assets.xcassets */; };
		E7591DC61CFC017A0074F56B /* main.swift in Sources */ = {isa = PBXBuildFile; fileRef = E7591DC51CFC017A0074F56B /* main.swift */; };
		E7E2FFAA1D0F7D4800C8234C /* StatusItemController.swift in Sources */ = {isa = PBXBuildFile; fileRef = E7E2FFA91D0F7D4800C8234C /* StatusItemController.swift */; };
		E7E2FFAC1D0F7DFF00C8234C /* UserDefaults+Orangered.swift in Sources */ = {isa = PBXBuildFile; fileRef = E7E2FFAB1D0F7DFF00C8234C /* UserDefaults+Orangered.swift */; };
		E7E2FFAE1D0F7E8200C8234C /* Menu.swift in Sources */ = {isa = PBXBuildFile; fileRef = E7E2FFAD1D0F7E8200C8234C /* Menu.swift */; };
/* End PBXBuildFile section */

/* Begin PBXFileReference section */
		1058C7A1FEA54F0111CA2CBB /* Cocoa.framework */ = {isa = PBXFileReference; lastKnownFileType = wrapper.framework; name = Cocoa.framework; path = /System/Library/Frameworks/Cocoa.framework; sourceTree = "<absolute>"; };
		1DDD58150DA1D0A300B32029 /* English */ = {isa = PBXFileReference; lastKnownFileType = file.xib; name = English; path = English.lproj/MainMenu.xib; sourceTree = "<group>"; };
		256AC3D80F4B6AC300CF3369 /* OrangeredAppDelegate.h */ = {isa = PBXFileReference; fileEncoding = 4; lastKnownFileType = sourcecode.c.h; path = OrangeredAppDelegate.h; sourceTree = "<group>"; };
		256AC3D90F4B6AC300CF3369 /* OrangeredAppDelegate.m */ = {isa = PBXFileReference; fileEncoding = 4; lastKnownFileType = sourcecode.c.objc; path = OrangeredAppDelegate.m; sourceTree = "<group>"; };
		29B97324FDCFA39411CA2CEA /* AppKit.framework */ = {isa = PBXFileReference; lastKnownFileType = wrapper.framework; name = AppKit.framework; path = /System/Library/Frameworks/AppKit.framework; sourceTree = "<absolute>"; };
		29B97325FDCFA39411CA2CEA /* Foundation.framework */ = {isa = PBXFileReference; lastKnownFileType = wrapper.framework; name = Foundation.framework; path = /System/Library/Frameworks/Foundation.framework; sourceTree = "<absolute>"; };
		2D7D32B511CD47DA00D9A067 /* todo.txt */ = {isa = PBXFileReference; fileEncoding = 4; lastKnownFileType = text; path = todo.txt; sourceTree = "<group>"; };
		2D7D36C111D6D5D100D9A067 /* prefs.h */ = {isa = PBXFileReference; fileEncoding = 4; lastKnownFileType = sourcecode.c.h; path = prefs.h; sourceTree = "<group>"; };
		2D7D36C211D6D5D100D9A067 /* prefs.m */ = {isa = PBXFileReference; fileEncoding = 4; lastKnownFileType = sourcecode.c.objc; path = prefs.m; sourceTree = "<group>"; };
		2D7D38A411D8750100D9A067 /* Security.framework */ = {isa = PBXFileReference; lastKnownFileType = wrapper.framework; name = Security.framework; path = System/Library/Frameworks/Security.framework; sourceTree = SDKROOT; };
		E757731B1D0F9E5500BA4B85 /* LoginViewController.swift */ = {isa = PBXFileReference; fileEncoding = 4; lastKnownFileType = sourcecode.swift; path = LoginViewController.swift; sourceTree = "<group>"; };
		E7591DB81CFB60450074F56B /* Orangered.app */ = {isa = PBXFileReference; explicitFileType = wrapper.application; includeInIndex = 0; path = Orangered.app; sourceTree = BUILT_PRODUCTS_DIR; };
		E7591DBA1CFB60450074F56B /* AppDelegate.swift */ = {isa = PBXFileReference; lastKnownFileType = sourcecode.swift; path = AppDelegate.swift; sourceTree = "<group>"; };
		E7591DBC1CFB60450074F56B /* Assets.xcassets */ = {isa = PBXFileReference; lastKnownFileType = folder.assetcatalog; name = Assets.xcassets; path = "Orangered-Swift/Assets.xcassets"; sourceTree = "<group>"; };
		E7591DC11CFB60450074F56B /* Info.plist */ = {isa = PBXFileReference; lastKnownFileType = text.plist.xml; name = Info.plist; path = "Orangered-Swift/Info.plist"; sourceTree = "<group>"; };
		E7591DC51CFC017A0074F56B /* main.swift */ = {isa = PBXFileReference; fileEncoding = 4; lastKnownFileType = sourcecode.swift; path = main.swift; sourceTree = "<group>"; };
		E7E2FFA91D0F7D4800C8234C /* StatusItemController.swift */ = {isa = PBXFileReference; fileEncoding = 4; lastKnownFileType = sourcecode.swift; path = StatusItemController.swift; sourceTree = "<group>"; };
		E7E2FFAB1D0F7DFF00C8234C /* UserDefaults+Orangered.swift */ = {isa = PBXFileReference; fileEncoding = 4; lastKnownFileType = sourcecode.swift; path = "UserDefaults+Orangered.swift"; sourceTree = "<group>"; };
		E7E2FFAD1D0F7E8200C8234C /* Menu.swift */ = {isa = PBXFileReference; fileEncoding = 4; lastKnownFileType = sourcecode.swift; path = Menu.swift; sourceTree = "<group>"; };
/* End PBXFileReference section */

/* Begin PBXFrameworksBuildPhase section */
		E7591DB51CFB60450074F56B /* Frameworks */ = {
			isa = PBXFrameworksBuildPhase;
			buildActionMask = 2147483647;
			files = (
			);
			runOnlyForDeploymentPostprocessing = 0;
		};
/* End PBXFrameworksBuildPhase section */

/* Begin PBXGroup section */
		1058C7A0FEA54F0111CA2CBB /* Linked Frameworks */ = {
			isa = PBXGroup;
			children = (
				29B97325FDCFA39411CA2CEA /* Foundation.framework */,
				1058C7A1FEA54F0111CA2CBB /* Cocoa.framework */,
				29B97324FDCFA39411CA2CEA /* AppKit.framework */,
				2D7D38A411D8750100D9A067 /* Security.framework */,
			);
			name = "Linked Frameworks";
			sourceTree = "<group>";
		};
		1058C7A2FEA54F0111CA2CBB /* Other Frameworks */ = {
			isa = PBXGroup;
			children = (
			);
			name = "Other Frameworks";
			sourceTree = "<group>";
		};
		19C28FACFE9D520D11CA2CBB /* Products */ = {
			isa = PBXGroup;
			children = (
				E7591DB81CFB60450074F56B /* Orangered.app */,
			);
			name = Products;
			sourceTree = "<group>";
		};
		29B97314FDCFA39411CA2CEA /* Orangered */ = {
			isa = PBXGroup;
			children = (
				E7591DB91CFB60450074F56B /* Source */,
				29B97317FDCFA39411CA2CEA /* Resources */,
				E7E6A00E1D10A632008F27BF /* olde */,
				29B97323FDCFA39411CA2CEA /* Frameworks */,
				19C28FACFE9D520D11CA2CBB /* Products */,
				2D7D32B511CD47DA00D9A067 /* todo.txt */,
			);
			name = Orangered;
			sourceTree = "<group>";
		};
		29B97317FDCFA39411CA2CEA /* Resources */ = {
			isa = PBXGroup;
			children = (
				E7591DBC1CFB60450074F56B /* Assets.xcassets */,
				E7591DC11CFB60450074F56B /* Info.plist */,
			);
			name = Resources;
			sourceTree = "<group>";
		};
		29B97323FDCFA39411CA2CEA /* Frameworks */ = {
			isa = PBXGroup;
			children = (
				1058C7A0FEA54F0111CA2CBB /* Linked Frameworks */,
				1058C7A2FEA54F0111CA2CBB /* Other Frameworks */,
			);
			name = Frameworks;
			sourceTree = "<group>";
		};
		E7591DB91CFB60450074F56B /* Source */ = {
			isa = PBXGroup;
			children = (
				E7591DBA1CFB60450074F56B /* AppDelegate.swift */,
				E757731B1D0F9E5500BA4B85 /* LoginViewController.swift */,
				E7591DC51CFC017A0074F56B /* main.swift */,
				E7E2FFAD1D0F7E8200C8234C /* Menu.swift */,
				E7E2FFA91D0F7D4800C8234C /* StatusItemController.swift */,
				E7E2FFAB1D0F7DFF00C8234C /* UserDefaults+Orangered.swift */,
			);
			name = Source;
			path = "Orangered-Swift";
			sourceTree = "<group>";
		};
		E7E6A00E1D10A632008F27BF /* olde */ = {
			isa = PBXGroup;
			children = (
				256AC3D80F4B6AC300CF3369 /* OrangeredAppDelegate.h */,
				256AC3D90F4B6AC300CF3369 /* OrangeredAppDelegate.m */,
				2D7D36C111D6D5D100D9A067 /* prefs.h */,
				2D7D36C211D6D5D100D9A067 /* prefs.m */,
				1DDD58140DA1D0A300B32029 /* MainMenu.xib */,
			);
			name = olde;
			sourceTree = "<group>";
		};
/* End PBXGroup section */

/* Begin PBXNativeTarget section */
		E7591DB71CFB60450074F56B /* Orangered */ = {
			isa = PBXNativeTarget;
			buildConfigurationList = E7591DC41CFB60450074F56B /* Build configuration list for PBXNativeTarget "Orangered" */;
			buildPhases = (
				E7591DB41CFB60450074F56B /* Sources */,
				E7591DB51CFB60450074F56B /* Frameworks */,
				E7591DB61CFB60450074F56B /* Resources */,
			);
			buildRules = (
			);
			dependencies = (
			);
			name = Orangered;
			productName = "Orangered-Swift";
			productReference = E7591DB81CFB60450074F56B /* Orangered.app */;
			productType = "com.apple.product-type.application";
		};
/* End PBXNativeTarget section */

/* Begin PBXProject section */
		29B97313FDCFA39411CA2CEA /* Project object */ = {
			isa = PBXProject;
			attributes = {
				LastSwiftUpdateCheck = 0730;
				LastUpgradeCheck = 0800;
				ORGANIZATIONNAME = "Rockwood Software";
				TargetAttributes = {
					E7591DB71CFB60450074F56B = {
						CreatedOnToolsVersion = 7.3.1;
						DevelopmentTeam = SR7K2S8GE4;
						LastSwiftMigration = 0800;
					};
				};
			};
			buildConfigurationList = C01FCF4E08A954540054247B /* Build configuration list for PBXProject "Orangered" */;
			compatibilityVersion = "Xcode 3.2";
			developmentRegion = English;
			hasScannedForEncodings = 1;
			knownRegions = (
				en,
				Base,
			);
			mainGroup = 29B97314FDCFA39411CA2CEA /* Orangered */;
			projectDirPath = "";
			projectRoot = "";
			targets = (
				E7591DB71CFB60450074F56B /* Orangered */,
			);
		};
/* End PBXProject section */

/* Begin PBXResourcesBuildPhase section */
		E7591DB61CFB60450074F56B /* Resources */ = {
			isa = PBXResourcesBuildPhase;
			buildActionMask = 2147483647;
			files = (
				E7591DBD1CFB60450074F56B /* Assets.xcassets in Resources */,
			);
			runOnlyForDeploymentPostprocessing = 0;
		};
/* End PBXResourcesBuildPhase section */

/* Begin PBXSourcesBuildPhase section */
		E7591DB41CFB60450074F56B /* Sources */ = {
			isa = PBXSourcesBuildPhase;
			buildActionMask = 2147483647;
			files = (
				E7E2FFAC1D0F7DFF00C8234C /* UserDefaults+Orangered.swift in Sources */,
				E7591DC61CFC017A0074F56B /* main.swift in Sources */,
				E7591DBB1CFB60450074F56B /* AppDelegate.swift in Sources */,
				E757731C1D0F9E5500BA4B85 /* LoginViewController.swift in Sources */,
				E7E2FFAA1D0F7D4800C8234C /* StatusItemController.swift in Sources */,
				E7E2FFAE1D0F7E8200C8234C /* Menu.swift in Sources */,
			);
			runOnlyForDeploymentPostprocessing = 0;
		};
/* End PBXSourcesBuildPhase section */

/* Begin PBXVariantGroup section */
		1DDD58140DA1D0A300B32029 /* MainMenu.xib */ = {
			isa = PBXVariantGroup;
			children = (
				1DDD58150DA1D0A300B32029 /* English */,
			);
			name = MainMenu.xib;
			sourceTree = "<group>";
		};
/* End PBXVariantGroup section */

/* Begin XCBuildConfiguration section */
		C01FCF4F08A954540054247B /* Release */ = {
			isa = XCBuildConfiguration;
			buildSettings = {
				CLANG_ENABLE_OBJC_ARC = YES;
				CLANG_WARN_BOOL_CONVERSION = YES;
				CLANG_WARN_CONSTANT_CONVERSION = YES;
				CLANG_WARN_EMPTY_BODY = YES;
				CLANG_WARN_ENUM_CONVERSION = YES;
				CLANG_WARN_INT_CONVERSION = YES;
				CLANG_WARN_UNREACHABLE_CODE = YES;
				CLANG_WARN__DUPLICATE_METHOD_MATCH = YES;
				CODE_SIGN_IDENTITY = "Mac Developer";
				ENABLE_STRICT_OBJC_MSGSEND = YES;
				ENABLE_TESTABILITY = YES;
				LLVM_LTO = NO;
				RUN_CLANG_STATIC_ANALYZER = YES;
				SDKROOT = macosx;
				VALID_ARCHS = x86_64;
				WARNING_CFLAGS = "-Weverything";
			};
			name = Release;
		};
		E7591DC21CFB60450074F56B /* Debug */ = {
			isa = XCBuildConfiguration;
			buildSettings = {
				ALWAYS_SEARCH_USER_PATHS = NO;
				ASSETCATALOG_COMPILER_APPICON_NAME = AppIcon;
				CLANG_ANALYZER_NONNULL = YES;
				CLANG_CXX_LANGUAGE_STANDARD = "gnu++0x";
				CLANG_CXX_LIBRARY = "libc++";
				CLANG_ENABLE_MODULES = YES;
				CLANG_WARN_BOOL_CONVERSION = YES;
				CLANG_WARN_CONSTANT_CONVERSION = YES;
				CLANG_WARN_DIRECT_OBJC_ISA_USAGE = YES_ERROR;
				CLANG_WARN_EMPTY_BODY = YES;
				CLANG_WARN_ENUM_CONVERSION = YES;
				CLANG_WARN_INT_CONVERSION = YES;
				CLANG_WARN_OBJC_ROOT_CLASS = YES_ERROR;
				CLANG_WARN_UNREACHABLE_CODE = YES;
				CLANG_WARN__DUPLICATE_METHOD_MATCH = YES;
				CODE_SIGN_IDENTITY = "Mac Developer";
				COMBINE_HIDPI_IMAGES = YES;
				COPY_PHASE_STRIP = NO;
				DEBUG_INFORMATION_FORMAT = dwarf;
				ENABLE_STRICT_OBJC_MSGSEND = YES;
				INFOPLIST_FILE = "Orangered-Swift/Info.plist";
				LD_RUNPATH_SEARCH_PATHS = "$(inherited) @executable_path/../Frameworks";
				MACOSX_DEPLOYMENT_TARGET = 10.11;
				MTL_ENABLE_DEBUG_INFO = YES;
				PRODUCT_BUNDLE_IDENTIFIER = com.rockwood.Orangered;
				PRODUCT_NAME = "$(TARGET_NAME)";
				SWIFT_OPTIMIZATION_LEVEL = "-Onone";
				SWIFT_VERSION = 3.0;
			};
			name = Debug;
		};
		E7591DC31CFB60450074F56B /* Release */ = {
			isa = XCBuildConfiguration;
			buildSettings = {
				ALWAYS_SEARCH_USER_PATHS = NO;
				ASSETCATALOG_COMPILER_APPICON_NAME = AppIcon;
				CLANG_ANALYZER_NONNULL = YES;
				CLANG_CXX_LANGUAGE_STANDARD = "gnu++0x";
				CLANG_CXX_LIBRARY = "libc++";
				CLANG_ENABLE_MODULES = YES;
				CLANG_WARN_BOOL_CONVERSION = YES;
				CLANG_WARN_CONSTANT_CONVERSION = YES;
				CLANG_WARN_DIRECT_OBJC_ISA_USAGE = YES_ERROR;
				CLANG_WARN_EMPTY_BODY = YES;
				CLANG_WARN_ENUM_CONVERSION = YES;
				CLANG_WARN_INT_CONVERSION = YES;
				CLANG_WARN_OBJC_ROOT_CLASS = YES_ERROR;
				CLANG_WARN_UNREACHABLE_CODE = YES;
				CLANG_WARN__DUPLICATE_METHOD_MATCH = YES;
				CODE_SIGN_IDENTITY = "Mac Developer";
				COMBINE_HIDPI_IMAGES = YES;
				COPY_PHASE_STRIP = NO;
				DEBUG_INFORMATION_FORMAT = "dwarf-with-dsym";
				ENABLE_NS_ASSERTIONS = NO;
				ENABLE_STRICT_OBJC_MSGSEND = YES;
				INFOPLIST_FILE = "Orangered-Swift/Info.plist";
				LD_RUNPATH_SEARCH_PATHS = "$(inherited) @executable_path/../Frameworks";
				MACOSX_DEPLOYMENT_TARGET = 10.11;
				MTL_ENABLE_DEBUG_INFO = NO;
				PRODUCT_BUNDLE_IDENTIFIER = com.rockwood.Orangered;
				PRODUCT_NAME = "$(TARGET_NAME)";
				SWIFT_OPTIMIZATION_LEVEL = "-Owholemodule";
				SWIFT_VERSION = 3.0;
			};
			name = Release;
		};
/* End XCBuildConfiguration section */

/* Begin XCConfigurationList section */
		C01FCF4E08A954540054247B /* Build configuration list for PBXProject "Orangered" */ = {
			isa = XCConfigurationList;
			buildConfigurations = (
				C01FCF4F08A954540054247B /* Release */,
			);
			defaultConfigurationIsVisible = 0;
			defaultConfigurationName = Release;
		};
		E7591DC41CFB60450074F56B /* Build configuration list for PBXNativeTarget "Orangered" */ = {
			isa = XCConfigurationList;
			buildConfigurations = (
				E7591DC21CFB60450074F56B /* Debug */,
				E7591DC31CFB60450074F56B /* Release */,
			);
			defaultConfigurationIsVisible = 0;
			defaultConfigurationName = Release;
		};
/* End XCConfigurationList section */
	};
	rootObject = 29B97313FDCFA39411CA2CEA /* Project object */;
}
